
Microsoft Visual Studio Solution File, Format Version 12.00
# Visual Studio 15
VisualStudioVersion = 15.0.27703.2047
MinimumVisualStudioVersion = 10.0.40219.1
Project("{FAE04EC0-301F-11D3-BF4B-00C04F79EFBC}") = "Markov.Text", "Markov.Text\Markov.Text.csproj", "{B92784F2-160B-45A8-AE52-0187F95CB2E6}"
EndProject
Global
	GlobalSection(SolutionConfigurationPlatforms) = preSolution
		Debug|Any CPU = Debug|Any CPU
		Release|Any CPU = Release|Any CPU
	EndGlobalSection
	GlobalSection(ProjectConfigurationPlatforms) = postSolution
		{B92784F2-160B-45A8-AE52-0187F95CB2E6}.Debug|Any CPU.ActiveCfg = Debug|Any CPU
		{B92784F2-160B-45A8-AE52-0187F95CB2E6}.Debug|Any CPU.Build.0 = Debug|Any CPU
		{B92784F2-160B-45A8-AE52-0187F95CB2E6}.Release|Any CPU.ActiveCfg = Release|Any CPU
		{B92784F2-160B-45A8-AE52-0187F95CB2E6}.Release|Any CPU.Build.0 = Release|Any CPU
	EndGlobalSection
	GlobalSection(SolutionProperties) = preSolution
		HideSolutionNode = FALSE
	EndGlobalSection
	GlobalSection(ExtensibilityGlobals) = postSolution
		SolutionGuid = {CB06C5AF-EA27-4452-9D55-288B5E97AE63}
	EndGlobalSection
EndGlobal
